<?xml version="1.0" encoding="utf-8"?>
<Project ToolsVersion="4.0" xmlns="http://schemas.microsoft.com/developer/msbuild/2003">
  <ItemGroup>
    <Filter Include="Source Files">
      <UniqueIdentifier>{4FC737F1-C7A5-4376-A066-2A32D752A2FF}</UniqueIdentifier>
      <Extensions>cpp;c;cc;cxx;c++;cppm;ixx;def;odl;idl;hpj;bat;asm;asmx</Extensions>
    </Filter>
    <Filter Include="Header Files">
      <UniqueIdentifier>{93995380-89BD-4b04-88EB-625FBE52EBFB}</UniqueIdentifier>
      <Extensions>h;hh;hpp;hxx;h++;hm;inl;inc;ipp;xsd</Extensions>
    </Filter>
    <Filter Include="Resource Files">
      <UniqueIdentifier>{67DA6AB6-F800-4c08-8B7A-83BB121AAD01}</UniqueIdentifier>
      <Extensions>rc;ico;cur;bmp;dlg;rc2;rct;bin;rgs;gif;jpg;jpeg;jpe;resx;tiff;tif;png;wav;mfcribbon-ms</Extensions>
    </Filter>
  </ItemGroup>
  <ItemGroup>
    <ClCompile Include="src\source\Core\ECS\entityManager.cpp">
      <Filter>Source Files</Filter>
    </ClCompile>
    <ClCompile Include="src\source\main.cpp">
      <Filter>Source Files</Filter>
    </ClCompile>
    <ClCompile Include="src\source\Core\ECS\componentArray.cpp">
      <Filter>Source Files</Filter>
    </ClCompile>
    <ClCompile Include="src\source\Core\ECS\componentManager.cpp">
      <Filter>Source Files</Filter>
    </ClCompile>
    <ClCompile Include="src\source\Core\ECS\systemManager.cpp">
      <Filter>Source Files</Filter>
    </ClCompile>
    <ClCompile Include="src\source\Core\ECS\system.cpp">
      <Filter>Source Files</Filter>
    </ClCompile>
    <ClCompile Include="src\source\Core\ECS\engine.cpp">
      <Filter>Source Files</Filter>
    </ClCompile>
    <ClCompile Include="src\source\application.cpp">
      <Filter>Source Files</Filter>
    </ClCompile>
    <ClCompile Include="src\source\world.cpp">
      <Filter>Source Files</Filter>
    </ClCompile>
    <ClCompile Include="src\source\Logic\System\renderSystem.cpp">
      <Filter>Source Files</Filter>
    </ClCompile>
    <ClCompile Include="src\source\Logic\System\rigidSystem.cpp">
      <Filter>Source Files</Filter>
    </ClCompile>
    <ClCompile Include="src\source\Logic\System\ecsInit.cpp">
      <Filter>Source Files</Filter>
    </ClCompile>
    <ClCompile Include="src\source\Logic\Loader\textureHolder.cpp">
      <Filter>Source Files</Filter>
    </ClCompile>
    <ClCompile Include="src\source\Logic\System\collisionSystem.cpp">
      <Filter>Source Files</Filter>
    </ClCompile>
    <ClCompile Include="src\source\Logic\Physics\collision.cpp">
      <Filter>Source Files</Filter>
    </ClCompile>
    <ClCompile Include="src\source\Logic\System\positionSystem.cpp">
      <Filter>Source Files</Filter>
    </ClCompile>
    <ClCompile Include="src\source\Logic\System\controlSystem.cpp">
      <Filter>Source Files</Filter>
    </ClCompile>
    <ClCompile Include="src\source\Logic\Loader\mapLoader.cpp">
      <Filter>Source Files</Filter>
    </ClCompile>
    <ClCompile Include="src\source\Logic\Loader\preset.cpp">
      <Filter>Source Files</Filter>
    </ClCompile>
    <ClCompile Include="src\header\Logic\System\cameraController.cpp">
      <Filter>Source Files</Filter>
    </ClCompile>
  </ItemGroup>
  <ItemGroup>
    <ClInclude Include="src\header\Core\ECS\entityManager.hpp">
      <Filter>Header Files</Filter>
    </ClInclude>
    <ClInclude Include="src\header\Core\ECS\componentType.hpp">
      <Filter>Header Files</Filter>
    </ClInclude>
    <ClInclude Include="src\header\Core\ECS\entity.hpp">
      <Filter>Header Files</Filter>
    </ClInclude>
    <ClInclude Include="src\header\Core\ECS\componentArray.hpp">
      <Filter>Header Files</Filter>
    </ClInclude>
    <ClInclude Include="src\header\Core\ECS\componentManager.hpp">
      <Filter>Header Files</Filter>
    </ClInclude>
    <ClInclude Include="src\header\Core\ECS\value.hpp">
      <Filter>Header Files</Filter>
    </ClInclude>
    <ClInclude Include="src\header\Core\coreAlias.hpp">
      <Filter>Header Files</Filter>
    </ClInclude>
    <ClInclude Include="src\header\Core\ECS\system.hpp">
      <Filter>Header Files</Filter>
    </ClInclude>
    <ClInclude Include="src\header\Core\ECS\systemManager.hpp">
      <Filter>Header Files</Filter>
    </ClInclude>
    <ClInclude Include="src\header\Core\ECS\engine.hpp">
      <Filter>Header Files</Filter>
    </ClInclude>
    <ClInclude Include="src\header\application.hpp">
      <Filter>Header Files</Filter>
    </ClInclude>
    <ClInclude Include="src\header\world.hpp">
      <Filter>Header Files</Filter>
    </ClInclude>
    <ClInclude Include="src\header\Logic\Component\transform.hpp">
      <Filter>Header Files</Filter>
    </ClInclude>
    <ClInclude Include="src\header\Logic\Component\render.hpp">
      <Filter>Header Files</Filter>
    </ClInclude>
    <ClInclude Include="src\header\Logic\Component\rigidbody.hpp">
      <Filter>Header Files</Filter>
    </ClInclude>
    <ClInclude Include="src\header\Logic\System\renderSystem.hpp">
      <Filter>Header Files</Filter>
    </ClInclude>
    <ClInclude Include="src\header\Logic\Component\componentList.hpp">
      <Filter>Header Files</Filter>
    </ClInclude>
    <ClInclude Include="src\header\Logic\System\rigidSystem.hpp">
      <Filter>Header Files</Filter>
    </ClInclude>
    <ClInclude Include="src\header\Logic\System\ecsInit.hpp">
      <Filter>Header Files</Filter>
    </ClInclude>
    <ClInclude Include="src\header\Core\resourceHolder.hpp">
      <Filter>Header Files</Filter>
    </ClInclude>
    <ClInclude Include="src\header\Logic\Loader\textureHolder.hpp">
      <Filter>Header Files</Filter>
    </ClInclude>
    <ClInclude Include="src\header\Logic\Component\collider.hpp">
      <Filter>Header Files</Filter>
    </ClInclude>
    <ClInclude Include="src\header\Logic\Physics\collision.hpp">
      <Filter>Header Files</Filter>
    </ClInclude>
    <ClInclude Include="src\header\Logic\System\collisionSystem.hpp">
      <Filter>Header Files</Filter>
    </ClInclude>
    <ClInclude Include="src\header\Helper\utilise.hpp">
      <Filter>Header Files</Filter>
    </ClInclude>
    <ClInclude Include="src\header\Logic\System\positionSystem.hpp">
      <Filter>Header Files</Filter>
    </ClInclude>
    <ClInclude Include="src\header\Logic\Component\control.hpp">
      <Filter>Header Files</Filter>
    </ClInclude>
    <ClInclude Include="src\header\Logic\System\controlSystem.hpp">
      <Filter>Header Files</Filter>
    </ClInclude>
    <ClInclude Include="src\header\Logic\Loader\mapLoader.hpp">
      <Filter>Header Files</Filter>
    </ClInclude>
    <ClInclude Include="src\header\Logic\Loader\preset.hpp">
      <Filter>Header Files</Filter>
    </ClInclude>
    <ClInclude Include="src\header\Logic\System\cameraController.hpp">
      <Filter>Header Files</Filter>
    </ClInclude>
  </ItemGroup>
</Project>